// !$*UTF8*$!
{
	archiveVersion = 1;
	classes = {
	};
	objectVersion = 50;
	objects = {

/* Begin PBXBuildFile section */
		221F785926D3B21200042ACF /* AppearCondition.swift in Sources */ = {isa = PBXBuildFile; fileRef = 221F785826D3B21200042ACF /* AppearCondition.swift */; };
		221F785B26D3B5CD00042ACF /* Scene.swift in Sources */ = {isa = PBXBuildFile; fileRef = 221F785A26D3B5CD00042ACF /* Scene.swift */; };
		221F785D26D3B8C800042ACF /* Choice.swift in Sources */ = {isa = PBXBuildFile; fileRef = 221F785C26D3B8C800042ACF /* Choice.swift */; };
		221F785F26D3BAD800042ACF /* NormalScene.swift in Sources */ = {isa = PBXBuildFile; fileRef = 221F785E26D3BAD800042ACF /* NormalScene.swift */; };
		221F786126D3DA1600042ACF /* NormalSceneName.swift in Sources */ = {isa = PBXBuildFile; fileRef = 221F786026D3DA1600042ACF /* NormalSceneName.swift */; };
		221F786426D3DC2400042ACF /* NormalSceneSelector.swift in Sources */ = {isa = PBXBuildFile; fileRef = 221F786326D3DC2400042ACF /* NormalSceneSelector.swift */; };
		226EFB9126CBBE3F002FFBC5 /* CaoCaoIntroView.swift in Sources */ = {isa = PBXBuildFile; fileRef = 226EFB9026CBBE3F002FFBC5 /* CaoCaoIntroView.swift */; };
		228297CC26CD220800C1D2C3 /* Creature.swift in Sources */ = {isa = PBXBuildFile; fileRef = 228297CB26CD220800C1D2C3 /* Creature.swift */; };
		228297CE26CD265800C1D2C3 /* Weapon.swift in Sources */ = {isa = PBXBuildFile; fileRef = 228297CD26CD265800C1D2C3 /* Weapon.swift */; };
		228297D026CD4A5200C1D2C3 /* Shield.swift in Sources */ = {isa = PBXBuildFile; fileRef = 228297CF26CD4A5200C1D2C3 /* Shield.swift */; };
		228297D226CD4A7800C1D2C3 /* Armor.swift in Sources */ = {isa = PBXBuildFile; fileRef = 228297D126CD4A7800C1D2C3 /* Armor.swift */; };
		228297D526CD53B700C1D2C3 /* IntExt.swift in Sources */ = {isa = PBXBuildFile; fileRef = 228297D426CD53B700C1D2C3 /* IntExt.swift */; };
		228297D726CD557B00C1D2C3 /* Damage.swift in Sources */ = {isa = PBXBuildFile; fileRef = 228297D626CD557B00C1D2C3 /* Damage.swift */; };
		228297D926CD593800C1D2C3 /* PassiveSkill.swift in Sources */ = {isa = PBXBuildFile; fileRef = 228297D826CD593800C1D2C3 /* PassiveSkill.swift */; };
		2293387426CA564F00FC6596 /* RollAbilitiesView.swift in Sources */ = {isa = PBXBuildFile; fileRef = 2293387326CA564F00FC6596 /* RollAbilitiesView.swift */; };
		2298D8FA26CAB078000A22F5 /* KeyValueView.swift in Sources */ = {isa = PBXBuildFile; fileRef = 2298D8F926CAB078000A22F5 /* KeyValueView.swift */; };
		2298D8FD26CAB1C0000A22F5 /* Pc.swift in Sources */ = {isa = PBXBuildFile; fileRef = 2298D8FC26CAB1C0000A22F5 /* Pc.swift */; };
		229F93C026D11C8D00EA90BE /* FileManagerExt.swift in Sources */ = {isa = PBXBuildFile; fileRef = 229F93BF26D11C8D00EA90BE /* FileManagerExt.swift */; };
		229F93C226D1436200EA90BE /* GameData.swift in Sources */ = {isa = PBXBuildFile; fileRef = 229F93C126D1436200EA90BE /* GameData.swift */; };
		22AF6A2825AB3F050035CC95 /* TRPG2App.swift in Sources */ = {isa = PBXBuildFile; fileRef = 22AF6A2725AB3F050035CC95 /* TRPG2App.swift */; };
		22AF6A2C25AB3F060035CC95 /* Assets.xcassets in Resources */ = {isa = PBXBuildFile; fileRef = 22AF6A2B25AB3F060035CC95 /* Assets.xcassets */; };
		22AF6A2F25AB3F060035CC95 /* Preview Assets.xcassets in Resources */ = {isa = PBXBuildFile; fileRef = 22AF6A2E25AB3F060035CC95 /* Preview Assets.xcassets */; };
		22AF6A3A25AB3F060035CC95 /* TRPG2Tests.swift in Sources */ = {isa = PBXBuildFile; fileRef = 22AF6A3925AB3F060035CC95 /* TRPG2Tests.swift */; };
		22AF6A4525AB3F060035CC95 /* TRPG2UITests.swift in Sources */ = {isa = PBXBuildFile; fileRef = 22AF6A4425AB3F060035CC95 /* TRPG2UITests.swift */; };
/* End PBXBuildFile section */

/* Begin PBXContainerItemProxy section */
		22AF6A3625AB3F060035CC95 /* PBXContainerItemProxy */ = {
			isa = PBXContainerItemProxy;
			containerPortal = 22AF6A1C25AB3F050035CC95 /* Project object */;
			proxyType = 1;
			remoteGlobalIDString = 22AF6A2325AB3F050035CC95;
			remoteInfo = TRPG2;
		};
		22AF6A4125AB3F060035CC95 /* PBXContainerItemProxy */ = {
			isa = PBXContainerItemProxy;
			containerPortal = 22AF6A1C25AB3F050035CC95 /* Project object */;
			proxyType = 1;
			remoteGlobalIDString = 22AF6A2325AB3F050035CC95;
			remoteInfo = TRPG2;
		};
/* End PBXContainerItemProxy section */

/* Begin PBXFileReference section */
		221F785826D3B21200042ACF /* AppearCondition.swift */ = {isa = PBXFileReference; lastKnownFileType = sourcecode.swift; path = AppearCondition.swift; sourceTree = "<group>"; };
		221F785A26D3B5CD00042ACF /* Scene.swift */ = {isa = PBXFileReference; lastKnownFileType = sourcecode.swift; path = Scene.swift; sourceTree = "<group>"; };
		221F785C26D3B8C800042ACF /* Choice.swift */ = {isa = PBXFileReference; lastKnownFileType = sourcecode.swift; path = Choice.swift; sourceTree = "<group>"; };
		221F785E26D3BAD800042ACF /* NormalScene.swift */ = {isa = PBXFileReference; lastKnownFileType = sourcecode.swift; path = NormalScene.swift; sourceTree = "<group>"; };
		221F786026D3DA1600042ACF /* NormalSceneName.swift */ = {isa = PBXFileReference; lastKnownFileType = sourcecode.swift; path = NormalSceneName.swift; sourceTree = "<group>"; };
		221F786326D3DC2400042ACF /* NormalSceneSelector.swift */ = {isa = PBXFileReference; lastKnownFileType = sourcecode.swift; path = NormalSceneSelector.swift; sourceTree = "<group>"; };
		226EFB9026CBBE3F002FFBC5 /* CaoCaoIntroView.swift */ = {isa = PBXFileReference; lastKnownFileType = sourcecode.swift; path = CaoCaoIntroView.swift; sourceTree = "<group>"; };
		228297CB26CD220800C1D2C3 /* Creature.swift */ = {isa = PBXFileReference; lastKnownFileType = sourcecode.swift; path = Creature.swift; sourceTree = "<group>"; };
		228297CD26CD265800C1D2C3 /* Weapon.swift */ = {isa = PBXFileReference; lastKnownFileType = sourcecode.swift; path = Weapon.swift; sourceTree = "<group>"; };
		228297CF26CD4A5200C1D2C3 /* Shield.swift */ = {isa = PBXFileReference; lastKnownFileType = sourcecode.swift; path = Shield.swift; sourceTree = "<group>"; };
		228297D126CD4A7800C1D2C3 /* Armor.swift */ = {isa = PBXFileReference; lastKnownFileType = sourcecode.swift; path = Armor.swift; sourceTree = "<group>"; };
		228297D426CD53B700C1D2C3 /* IntExt.swift */ = {isa = PBXFileReference; lastKnownFileType = sourcecode.swift; path = IntExt.swift; sourceTree = "<group>"; };
		228297D626CD557B00C1D2C3 /* Damage.swift */ = {isa = PBXFileReference; lastKnownFileType = sourcecode.swift; path = Damage.swift; sourceTree = "<group>"; };
		228297D826CD593800C1D2C3 /* PassiveSkill.swift */ = {isa = PBXFileReference; lastKnownFileType = sourcecode.swift; path = PassiveSkill.swift; sourceTree = "<group>"; };
		2293387326CA564F00FC6596 /* RollAbilitiesView.swift */ = {isa = PBXFileReference; lastKnownFileType = sourcecode.swift; path = RollAbilitiesView.swift; sourceTree = "<group>"; };
		2298D8F926CAB078000A22F5 /* KeyValueView.swift */ = {isa = PBXFileReference; lastKnownFileType = sourcecode.swift; path = KeyValueView.swift; sourceTree = "<group>"; };
		2298D8FC26CAB1C0000A22F5 /* Pc.swift */ = {isa = PBXFileReference; lastKnownFileType = sourcecode.swift; path = Pc.swift; sourceTree = "<group>"; };
		229F93BF26D11C8D00EA90BE /* FileManagerExt.swift */ = {isa = PBXFileReference; lastKnownFileType = sourcecode.swift; path = FileManagerExt.swift; sourceTree = "<group>"; };
		229F93C126D1436200EA90BE /* GameData.swift */ = {isa = PBXFileReference; lastKnownFileType = sourcecode.swift; path = GameData.swift; sourceTree = "<group>"; };
		22AF6A2425AB3F050035CC95 /* TRPG2.app */ = {isa = PBXFileReference; explicitFileType = wrapper.application; includeInIndex = 0; path = TRPG2.app; sourceTree = BUILT_PRODUCTS_DIR; };
		22AF6A2725AB3F050035CC95 /* TRPG2App.swift */ = {isa = PBXFileReference; lastKnownFileType = sourcecode.swift; path = TRPG2App.swift; sourceTree = "<group>"; };
		22AF6A2B25AB3F060035CC95 /* Assets.xcassets */ = {isa = PBXFileReference; lastKnownFileType = folder.assetcatalog; path = Assets.xcassets; sourceTree = "<group>"; };
		22AF6A2E25AB3F060035CC95 /* Preview Assets.xcassets */ = {isa = PBXFileReference; lastKnownFileType = folder.assetcatalog; path = "Preview Assets.xcassets"; sourceTree = "<group>"; };
		22AF6A3025AB3F060035CC95 /* Info.plist */ = {isa = PBXFileReference; lastKnownFileType = text.plist.xml; path = Info.plist; sourceTree = "<group>"; };
		22AF6A3525AB3F060035CC95 /* TRPG2Tests.xctest */ = {isa = PBXFileReference; explicitFileType = wrapper.cfbundle; includeInIndex = 0; path = TRPG2Tests.xctest; sourceTree = BUILT_PRODUCTS_DIR; };
		22AF6A3925AB3F060035CC95 /* TRPG2Tests.swift */ = {isa = PBXFileReference; lastKnownFileType = sourcecode.swift; path = TRPG2Tests.swift; sourceTree = "<group>"; };
		22AF6A3B25AB3F060035CC95 /* Info.plist */ = {isa = PBXFileReference; lastKnownFileType = text.plist.xml; path = Info.plist; sourceTree = "<group>"; };
		22AF6A4025AB3F060035CC95 /* TRPG2UITests.xctest */ = {isa = PBXFileReference; explicitFileType = wrapper.cfbundle; includeInIndex = 0; path = TRPG2UITests.xctest; sourceTree = BUILT_PRODUCTS_DIR; };
		22AF6A4425AB3F060035CC95 /* TRPG2UITests.swift */ = {isa = PBXFileReference; lastKnownFileType = sourcecode.swift; path = TRPG2UITests.swift; sourceTree = "<group>"; };
		22AF6A4625AB3F060035CC95 /* Info.plist */ = {isa = PBXFileReference; lastKnownFileType = text.plist.xml; path = Info.plist; sourceTree = "<group>"; };
/* End PBXFileReference section */

/* Begin PBXFrameworksBuildPhase section */
		22AF6A2125AB3F050035CC95 /* Frameworks */ = {
			isa = PBXFrameworksBuildPhase;
			buildActionMask = 2147483647;
			files = (
			);
			runOnlyForDeploymentPostprocessing = 0;
		};
		22AF6A3225AB3F060035CC95 /* Frameworks */ = {
			isa = PBXFrameworksBuildPhase;
			buildActionMask = 2147483647;
			files = (
			);
			runOnlyForDeploymentPostprocessing = 0;
		};
		22AF6A3D25AB3F060035CC95 /* Frameworks */ = {
			isa = PBXFrameworksBuildPhase;
			buildActionMask = 2147483647;
			files = (
			);
			runOnlyForDeploymentPostprocessing = 0;
		};
/* End PBXFrameworksBuildPhase section */

/* Begin PBXGroup section */
		221F786226D3DC0000042ACF /* Scenes */ = {
			isa = PBXGroup;
			children = (
				221F786326D3DC2400042ACF /* NormalSceneSelector.swift */,
			);
			path = Scenes;
			sourceTree = "<group>";
		};
		228297D326CD532200C1D2C3 /* Extensions */ = {
			isa = PBXGroup;
			children = (
				228297D426CD53B700C1D2C3 /* IntExt.swift */,
				229F93BF26D11C8D00EA90BE /* FileManagerExt.swift */,
			);
			path = Extensions;
			sourceTree = "<group>";
		};
		2293386F26CA4F7300FC6596 /* Constants */ = {
			isa = PBXGroup;
			children = (
				221F786026D3DA1600042ACF /* NormalSceneName.swift */,
			);
			path = Constants;
			sourceTree = "<group>";
		};
		2293387226CA534500FC6596 /* Views */ = {
			isa = PBXGroup;
			children = (
				2293387326CA564F00FC6596 /* RollAbilitiesView.swift */,
				226EFB9026CBBE3F002FFBC5 /* CaoCaoIntroView.swift */,
			);
			path = Views;
			sourceTree = "<group>";
		};
		2298D8F826CAAF20000A22F5 /* Components */ = {
			isa = PBXGroup;
			children = (
				2298D8F926CAB078000A22F5 /* KeyValueView.swift */,
			);
			path = Components;
			sourceTree = "<group>";
		};
		2298D8FB26CAB1B5000A22F5 /* Models */ = {
			isa = PBXGroup;
			children = (
				2298D8FC26CAB1C0000A22F5 /* Pc.swift */,
				228297D626CD557B00C1D2C3 /* Damage.swift */,
				228297CB26CD220800C1D2C3 /* Creature.swift */,
				228297CD26CD265800C1D2C3 /* Weapon.swift */,
				228297CF26CD4A5200C1D2C3 /* Shield.swift */,
				228297D126CD4A7800C1D2C3 /* Armor.swift */,
				228297D826CD593800C1D2C3 /* PassiveSkill.swift */,
				229F93C126D1436200EA90BE /* GameData.swift */,
				221F785826D3B21200042ACF /* AppearCondition.swift */,
				221F785A26D3B5CD00042ACF /* Scene.swift */,
				221F785C26D3B8C800042ACF /* Choice.swift */,
				221F785E26D3BAD800042ACF /* NormalScene.swift */,
			);
			path = Models;
			sourceTree = "<group>";
		};
		22AF6A1B25AB3F050035CC95 = {
			isa = PBXGroup;
			children = (
				22AF6A2625AB3F050035CC95 /* TRPG2 */,
				22AF6A3825AB3F060035CC95 /* TRPG2Tests */,
				22AF6A4325AB3F060035CC95 /* TRPG2UITests */,
				22AF6A2525AB3F050035CC95 /* Products */,
			);
			sourceTree = "<group>";
		};
		22AF6A2525AB3F050035CC95 /* Products */ = {
			isa = PBXGroup;
			children = (
				22AF6A2425AB3F050035CC95 /* TRPG2.app */,
				22AF6A3525AB3F060035CC95 /* TRPG2Tests.xctest */,
				22AF6A4025AB3F060035CC95 /* TRPG2UITests.xctest */,
			);
			name = Products;
			sourceTree = "<group>";
		};
		22AF6A2625AB3F050035CC95 /* TRPG2 */ = {
			isa = PBXGroup;
			children = (
				221F786226D3DC0000042ACF /* Scenes */,
				228297D326CD532200C1D2C3 /* Extensions */,
				2298D8FB26CAB1B5000A22F5 /* Models */,
				2298D8F826CAAF20000A22F5 /* Components */,
				2293387226CA534500FC6596 /* Views */,
				2293386F26CA4F7300FC6596 /* Constants */,
				22AF6A2725AB3F050035CC95 /* TRPG2App.swift */,
				22AF6A2B25AB3F060035CC95 /* Assets.xcassets */,
				22AF6A3025AB3F060035CC95 /* Info.plist */,
				22AF6A2D25AB3F060035CC95 /* Preview Content */,
			);
			path = TRPG2;
			sourceTree = "<group>";
		};
		22AF6A2D25AB3F060035CC95 /* Preview Content */ = {
			isa = PBXGroup;
			children = (
				22AF6A2E25AB3F060035CC95 /* Preview Assets.xcassets */,
			);
			path = "Preview Content";
			sourceTree = "<group>";
		};
		22AF6A3825AB3F060035CC95 /* TRPG2Tests */ = {
			isa = PBXGroup;
			children = (
				22AF6A3925AB3F060035CC95 /* TRPG2Tests.swift */,
				22AF6A3B25AB3F060035CC95 /* Info.plist */,
			);
			path = TRPG2Tests;
			sourceTree = "<group>";
		};
		22AF6A4325AB3F060035CC95 /* TRPG2UITests */ = {
			isa = PBXGroup;
			children = (
				22AF6A4425AB3F060035CC95 /* TRPG2UITests.swift */,
				22AF6A4625AB3F060035CC95 /* Info.plist */,
			);
			path = TRPG2UITests;
			sourceTree = "<group>";
		};
/* End PBXGroup section */

/* Begin PBXNativeTarget section */
		22AF6A2325AB3F050035CC95 /* TRPG2 */ = {
			isa = PBXNativeTarget;
			buildConfigurationList = 22AF6A4925AB3F060035CC95 /* Build configuration list for PBXNativeTarget "TRPG2" */;
			buildPhases = (
				22AF6A2025AB3F050035CC95 /* Sources */,
				22AF6A2125AB3F050035CC95 /* Frameworks */,
				22AF6A2225AB3F050035CC95 /* Resources */,
			);
			buildRules = (
			);
			dependencies = (
			);
			name = TRPG2;
			productName = TRPG2;
			productReference = 22AF6A2425AB3F050035CC95 /* TRPG2.app */;
			productType = "com.apple.product-type.application";
		};
		22AF6A3425AB3F060035CC95 /* TRPG2Tests */ = {
			isa = PBXNativeTarget;
			buildConfigurationList = 22AF6A4C25AB3F060035CC95 /* Build configuration list for PBXNativeTarget "TRPG2Tests" */;
			buildPhases = (
				22AF6A3125AB3F060035CC95 /* Sources */,
				22AF6A3225AB3F060035CC95 /* Frameworks */,
				22AF6A3325AB3F060035CC95 /* Resources */,
			);
			buildRules = (
			);
			dependencies = (
				22AF6A3725AB3F060035CC95 /* PBXTargetDependency */,
			);
			name = TRPG2Tests;
			productName = TRPG2Tests;
			productReference = 22AF6A3525AB3F060035CC95 /* TRPG2Tests.xctest */;
			productType = "com.apple.product-type.bundle.unit-test";
		};
		22AF6A3F25AB3F060035CC95 /* TRPG2UITests */ = {
			isa = PBXNativeTarget;
			buildConfigurationList = 22AF6A4F25AB3F060035CC95 /* Build configuration list for PBXNativeTarget "TRPG2UITests" */;
			buildPhases = (
				22AF6A3C25AB3F060035CC95 /* Sources */,
				22AF6A3D25AB3F060035CC95 /* Frameworks */,
				22AF6A3E25AB3F060035CC95 /* Resources */,
			);
			buildRules = (
			);
			dependencies = (
				22AF6A4225AB3F060035CC95 /* PBXTargetDependency */,
			);
			name = TRPG2UITests;
			productName = TRPG2UITests;
			productReference = 22AF6A4025AB3F060035CC95 /* TRPG2UITests.xctest */;
			productType = "com.apple.product-type.bundle.ui-testing";
		};
/* End PBXNativeTarget section */

/* Begin PBXProject section */
		22AF6A1C25AB3F050035CC95 /* Project object */ = {
			isa = PBXProject;
			attributes = {
				LastSwiftUpdateCheck = 1230;
				LastUpgradeCheck = 1230;
				TargetAttributes = {
					22AF6A2325AB3F050035CC95 = {
						CreatedOnToolsVersion = 12.3;
					};
					22AF6A3425AB3F060035CC95 = {
						CreatedOnToolsVersion = 12.3;
						TestTargetID = 22AF6A2325AB3F050035CC95;
					};
					22AF6A3F25AB3F060035CC95 = {
						CreatedOnToolsVersion = 12.3;
						TestTargetID = 22AF6A2325AB3F050035CC95;
					};
				};
			};
			buildConfigurationList = 22AF6A1F25AB3F050035CC95 /* Build configuration list for PBXProject "TRPG2" */;
			compatibilityVersion = "Xcode 9.3";
			developmentRegion = en;
			hasScannedForEncodings = 0;
			knownRegions = (
				en,
				Base,
			);
			mainGroup = 22AF6A1B25AB3F050035CC95;
			productRefGroup = 22AF6A2525AB3F050035CC95 /* Products */;
			projectDirPath = "";
			projectRoot = "";
			targets = (
				22AF6A2325AB3F050035CC95 /* TRPG2 */,
				22AF6A3425AB3F060035CC95 /* TRPG2Tests */,
				22AF6A3F25AB3F060035CC95 /* TRPG2UITests */,
			);
		};
/* End PBXProject section */

/* Begin PBXResourcesBuildPhase section */
		22AF6A2225AB3F050035CC95 /* Resources */ = {
			isa = PBXResourcesBuildPhase;
			buildActionMask = 2147483647;
			files = (
				22AF6A2F25AB3F060035CC95 /* Preview Assets.xcassets in Resources */,
				22AF6A2C25AB3F060035CC95 /* Assets.xcassets in Resources */,
			);
			runOnlyForDeploymentPostprocessing = 0;
		};
		22AF6A3325AB3F060035CC95 /* Resources */ = {
			isa = PBXResourcesBuildPhase;
			buildActionMask = 2147483647;
			files = (
			);
			runOnlyForDeploymentPostprocessing = 0;
		};
		22AF6A3E25AB3F060035CC95 /* Resources */ = {
			isa = PBXResourcesBuildPhase;
			buildActionMask = 2147483647;
			files = (
			);
			runOnlyForDeploymentPostprocessing = 0;
		};
/* End PBXResourcesBuildPhase section */

/* Begin PBXSourcesBuildPhase section */
		22AF6A2025AB3F050035CC95 /* Sources */ = {
			isa = PBXSourcesBuildPhase;
			buildActionMask = 2147483647;
			files = (
				228297D226CD4A7800C1D2C3 /* Armor.swift in Sources */,
				228297D726CD557B00C1D2C3 /* Damage.swift in Sources */,
				228297CE26CD265800C1D2C3 /* Weapon.swift in Sources */,
				228297D526CD53B700C1D2C3 /* IntExt.swift in Sources */,
				221F785B26D3B5CD00042ACF /* Scene.swift in Sources */,
				2293387426CA564F00FC6596 /* RollAbilitiesView.swift in Sources */,
				2298D8FD26CAB1C0000A22F5 /* Pc.swift in Sources */,
				228297D026CD4A5200C1D2C3 /* Shield.swift in Sources */,
				221F786426D3DC2400042ACF /* NormalSceneSelector.swift in Sources */,
				228297CC26CD220800C1D2C3 /* Creature.swift in Sources */,
				221F785F26D3BAD800042ACF /* NormalScene.swift in Sources */,
				221F785926D3B21200042ACF /* AppearCondition.swift in Sources */,
				229F93C026D11C8D00EA90BE /* FileManagerExt.swift in Sources */,
				228297D926CD593800C1D2C3 /* PassiveSkill.swift in Sources */,
				221F785D26D3B8C800042ACF /* Choice.swift in Sources */,
				221F786126D3DA1600042ACF /* NormalSceneName.swift in Sources */,
				226EFB9126CBBE3F002FFBC5 /* CaoCaoIntroView.swift in Sources */,
				229F93C226D1436200EA90BE /* GameData.swift in Sources */,
				2298D8FA26CAB078000A22F5 /* KeyValueView.swift in Sources */,
				22AF6A2825AB3F050035CC95 /* TRPG2App.swift in Sources */,
			);
			runOnlyForDeploymentPostprocessing = 0;
		};
		22AF6A3125AB3F060035CC95 /* Sources */ = {
			isa = PBXSourcesBuildPhase;
			buildActionMask = 2147483647;
			files = (
				22AF6A3A25AB3F060035CC95 /* TRPG2Tests.swift in Sources */,
			);
			runOnlyForDeploymentPostprocessing = 0;
		};
		22AF6A3C25AB3F060035CC95 /* Sources */ = {
			isa = PBXSourcesBuildPhase;
			buildActionMask = 2147483647;
			files = (
				22AF6A4525AB3F060035CC95 /* TRPG2UITests.swift in Sources */,
			);
			runOnlyForDeploymentPostprocessing = 0;
		};
/* End PBXSourcesBuildPhase section */

/* Begin PBXTargetDependency section */
		22AF6A3725AB3F060035CC95 /* PBXTargetDependency */ = {
			isa = PBXTargetDependency;
			target = 22AF6A2325AB3F050035CC95 /* TRPG2 */;
			targetProxy = 22AF6A3625AB3F060035CC95 /* PBXContainerItemProxy */;
		};
		22AF6A4225AB3F060035CC95 /* PBXTargetDependency */ = {
			isa = PBXTargetDependency;
			target = 22AF6A2325AB3F050035CC95 /* TRPG2 */;
			targetProxy = 22AF6A4125AB3F060035CC95 /* PBXContainerItemProxy */;
		};
/* End PBXTargetDependency section */

/* Begin XCBuildConfiguration section */
		22AF6A4725AB3F060035CC95 /* Debug */ = {
			isa = XCBuildConfiguration;
			buildSettings = {
				ALWAYS_SEARCH_USER_PATHS = NO;
				CLANG_ANALYZER_NONNULL = YES;
				CLANG_ANALYZER_NUMBER_OBJECT_CONVERSION = YES_AGGRESSIVE;
				CLANG_CXX_LANGUAGE_STANDARD = "gnu++14";
				CLANG_CXX_LIBRARY = "libc++";
				CLANG_ENABLE_MODULES = YES;
				CLANG_ENABLE_OBJC_ARC = YES;
				CLANG_ENABLE_OBJC_WEAK = YES;
				CLANG_WARN_BLOCK_CAPTURE_AUTORELEASING = YES;
				CLANG_WARN_BOOL_CONVERSION = YES;
				CLANG_WARN_COMMA = YES;
				CLANG_WARN_CONSTANT_CONVERSION = YES;
				CLANG_WARN_DEPRECATED_OBJC_IMPLEMENTATIONS = YES;
				CLANG_WARN_DIRECT_OBJC_ISA_USAGE = YES_ERROR;
				CLANG_WARN_DOCUMENTATION_COMMENTS = YES;
				CLANG_WARN_EMPTY_BODY = YES;
				CLANG_WARN_ENUM_CONVERSION = YES;
				CLANG_WARN_INFINITE_RECURSION = YES;
				CLANG_WARN_INT_CONVERSION = YES;
				CLANG_WARN_NON_LITERAL_NULL_CONVERSION = YES;
				CLANG_WARN_OBJC_IMPLICIT_RETAIN_SELF = YES;
				CLANG_WARN_OBJC_LITERAL_CONVERSION = YES;
				CLANG_WARN_OBJC_ROOT_CLASS = YES_ERROR;
				CLANG_WARN_QUOTED_INCLUDE_IN_FRAMEWORK_HEADER = YES;
				CLANG_WARN_RANGE_LOOP_ANALYSIS = YES;
				CLANG_WARN_STRICT_PROTOTYPES = YES;
				CLANG_WARN_SUSPICIOUS_MOVE = YES;
				CLANG_WARN_UNGUARDED_AVAILABILITY = YES_AGGRESSIVE;
				CLANG_WARN_UNREACHABLE_CODE = YES;
				CLANG_WARN__DUPLICATE_METHOD_MATCH = YES;
				COPY_PHASE_STRIP = NO;
				DEBUG_INFORMATION_FORMAT = dwarf;
				ENABLE_STRICT_OBJC_MSGSEND = YES;
				ENABLE_TESTABILITY = YES;
				GCC_C_LANGUAGE_STANDARD = gnu11;
				GCC_DYNAMIC_NO_PIC = NO;
				GCC_NO_COMMON_BLOCKS = YES;
				GCC_OPTIMIZATION_LEVEL = 0;
				GCC_PREPROCESSOR_DEFINITIONS = (
					"DEBUG=1",
					"$(inherited)",
				);
				GCC_WARN_64_TO_32_BIT_CONVERSION = YES;
				GCC_WARN_ABOUT_RETURN_TYPE = YES_ERROR;
				GCC_WARN_UNDECLARED_SELECTOR = YES;
				GCC_WARN_UNINITIALIZED_AUTOS = YES_AGGRESSIVE;
				GCC_WARN_UNUSED_FUNCTION = YES;
				GCC_WARN_UNUSED_VARIABLE = YES;
				IPHONEOS_DEPLOYMENT_TARGET = 14.3;
				MTL_ENABLE_DEBUG_INFO = INCLUDE_SOURCE;
				MTL_FAST_MATH = YES;
				ONLY_ACTIVE_ARCH = YES;
				SDKROOT = iphoneos;
				SWIFT_ACTIVE_COMPILATION_CONDITIONS = DEBUG;
				SWIFT_OPTIMIZATION_LEVEL = "-Onone";
			};
			name = Debug;
		};
		22AF6A4825AB3F060035CC95 /* Release */ = {
			isa = XCBuildConfiguration;
			buildSettings = {
				ALWAYS_SEARCH_USER_PATHS = NO;
				CLANG_ANALYZER_NONNULL = YES;
				CLANG_ANALYZER_NUMBER_OBJECT_CONVERSION = YES_AGGRESSIVE;
				CLANG_CXX_LANGUAGE_STANDARD = "gnu++14";
				CLANG_CXX_LIBRARY = "libc++";
				CLANG_ENABLE_MODULES = YES;
				CLANG_ENABLE_OBJC_ARC = YES;
				CLANG_ENABLE_OBJC_WEAK = YES;
				CLANG_WARN_BLOCK_CAPTURE_AUTORELEASING = YES;
				CLANG_WARN_BOOL_CONVERSION = YES;
				CLANG_WARN_COMMA = YES;
				CLANG_WARN_CONSTANT_CONVERSION = YES;
				CLANG_WARN_DEPRECATED_OBJC_IMPLEMENTATIONS = YES;
				CLANG_WARN_DIRECT_OBJC_ISA_USAGE = YES_ERROR;
				CLANG_WARN_DOCUMENTATION_COMMENTS = YES;
				CLANG_WARN_EMPTY_BODY = YES;
				CLANG_WARN_ENUM_CONVERSION = YES;
				CLANG_WARN_INFINITE_RECURSION = YES;
				CLANG_WARN_INT_CONVERSION = YES;
				CLANG_WARN_NON_LITERAL_NULL_CONVERSION = YES;
				CLANG_WARN_OBJC_IMPLICIT_RETAIN_SELF = YES;
				CLANG_WARN_OBJC_LITERAL_CONVERSION = YES;
				CLANG_WARN_OBJC_ROOT_CLASS = YES_ERROR;
				CLANG_WARN_QUOTED_INCLUDE_IN_FRAMEWORK_HEADER = YES;
				CLANG_WARN_RANGE_LOOP_ANALYSIS = YES;
				CLANG_WARN_STRICT_PROTOTYPES = YES;
				CLANG_WARN_SUSPICIOUS_MOVE = YES;
				CLANG_WARN_UNGUARDED_AVAILABILITY = YES_AGGRESSIVE;
				CLANG_WARN_UNREACHABLE_CODE = YES;
				CLANG_WARN__DUPLICATE_METHOD_MATCH = YES;
				COPY_PHASE_STRIP = NO;
				DEBUG_INFORMATION_FORMAT = "dwarf-with-dsym";
				ENABLE_NS_ASSERTIONS = NO;
				ENABLE_STRICT_OBJC_MSGSEND = YES;
				GCC_C_LANGUAGE_STANDARD = gnu11;
				GCC_NO_COMMON_BLOCKS = YES;
				GCC_WARN_64_TO_32_BIT_CONVERSION = YES;
				GCC_WARN_ABOUT_RETURN_TYPE = YES_ERROR;
				GCC_WARN_UNDECLARED_SELECTOR = YES;
				GCC_WARN_UNINITIALIZED_AUTOS = YES_AGGRESSIVE;
				GCC_WARN_UNUSED_FUNCTION = YES;
				GCC_WARN_UNUSED_VARIABLE = YES;
				IPHONEOS_DEPLOYMENT_TARGET = 14.3;
				MTL_ENABLE_DEBUG_INFO = NO;
				MTL_FAST_MATH = YES;
				SDKROOT = iphoneos;
				SWIFT_COMPILATION_MODE = wholemodule;
				SWIFT_OPTIMIZATION_LEVEL = "-O";
				VALIDATE_PRODUCT = YES;
			};
			name = Release;
		};
		22AF6A4A25AB3F060035CC95 /* Debug */ = {
			isa = XCBuildConfiguration;
			buildSettings = {
				ASSETCATALOG_COMPILER_APPICON_NAME = AppIcon;
				ASSETCATALOG_COMPILER_GLOBAL_ACCENT_COLOR_NAME = AccentColor;
				CODE_SIGN_STYLE = Automatic;
				DEVELOPMENT_ASSET_PATHS = "\"TRPG2/Preview Content\"";
				DEVELOPMENT_TEAM = EQC88F8HW8;
				ENABLE_PREVIEWS = YES;
				INFOPLIST_FILE = TRPG2/Info.plist;
				IPHONEOS_DEPLOYMENT_TARGET = 14.0;
				LD_RUNPATH_SEARCH_PATHS = (
					"$(inherited)",
					"@executable_path/Frameworks",
				);
				PRODUCT_BUNDLE_IDENTIFIER = com.mxy.TRPG2;
				PRODUCT_NAME = "$(TARGET_NAME)";
				SWIFT_VERSION = 5.0;
				TARGETED_DEVICE_FAMILY = "1,2";
			};
			name = Debug;
		};
		22AF6A4B25AB3F060035CC95 /* Release */ = {
			isa = XCBuildConfiguration;
			buildSettings = {
				ASSETCATALOG_COMPILER_APPICON_NAME = AppIcon;
				ASSETCATALOG_COMPILER_GLOBAL_ACCENT_COLOR_NAME = AccentColor;
				CODE_SIGN_STYLE = Automatic;
				DEVELOPMENT_ASSET_PATHS = "\"TRPG2/Preview Content\"";
				DEVELOPMENT_TEAM = EQC88F8HW8;
				ENABLE_PREVIEWS = YES;
				INFOPLIST_FILE = TRPG2/Info.plist;
				IPHONEOS_DEPLOYMENT_TARGET = 14.0;
				LD_RUNPATH_SEARCH_PATHS = (
					"$(inherited)",
					"@executable_path/Frameworks",
				);
				PRODUCT_BUNDLE_IDENTIFIER = com.mxy.TRPG2;
				PRODUCT_NAME = "$(TARGET_NAME)";
				SWIFT_VERSION = 5.0;
				TARGETED_DEVICE_FAMILY = "1,2";
			};
			name = Release;
		};
		22AF6A4D25AB3F060035CC95 /* Debug */ = {
			isa = XCBuildConfiguration;
			buildSettings = {
				ALWAYS_EMBED_SWIFT_STANDARD_LIBRARIES = YES;
				BUNDLE_LOADER = "$(TEST_HOST)";
				CODE_SIGN_STYLE = Automatic;
				DEVELOPMENT_TEAM = EQC88F8HW8;
				INFOPLIST_FILE = TRPG2Tests/Info.plist;
				IPHONEOS_DEPLOYMENT_TARGET = 14.0;
				LD_RUNPATH_SEARCH_PATHS = (
					"$(inherited)",
					"@executable_path/Frameworks",
					"@loader_path/Frameworks",
				);
				PRODUCT_BUNDLE_IDENTIFIER = com.mxy.TRPG2Tests;
				PRODUCT_NAME = "$(TARGET_NAME)";
				SWIFT_VERSION = 5.0;
				TARGETED_DEVICE_FAMILY = "1,2";
				TEST_HOST = "$(BUILT_PRODUCTS_DIR)/TRPG2.app/TRPG2";
			};
			name = Debug;
		};
		22AF6A4E25AB3F060035CC95 /* Release */ = {
			isa = XCBuildConfiguration;
			buildSettings = {
				ALWAYS_EMBED_SWIFT_STANDARD_LIBRARIES = YES;
				BUNDLE_LOADER = "$(TEST_HOST)";
				CODE_SIGN_STYLE = Automatic;
				DEVELOPMENT_TEAM = EQC88F8HW8;
				INFOPLIST_FILE = TRPG2Tests/Info.plist;
				IPHONEOS_DEPLOYMENT_TARGET = 14.0;
				LD_RUNPATH_SEARCH_PATHS = (
					"$(inherited)",
					"@executable_path/Frameworks",
					"@loader_path/Frameworks",
				);
				PRODUCT_BUNDLE_IDENTIFIER = com.mxy.TRPG2Tests;
				PRODUCT_NAME = "$(TARGET_NAME)";
				SWIFT_VERSION = 5.0;
				TARGETED_DEVICE_FAMILY = "1,2";
				TEST_HOST = "$(BUILT_PRODUCTS_DIR)/TRPG2.app/TRPG2";
			};
			name = Release;
		};
		22AF6A5025AB3F060035CC95 /* Debug */ = {
			isa = XCBuildConfiguration;
			buildSettings = {
				ALWAYS_EMBED_SWIFT_STANDARD_LIBRARIES = YES;
				CODE_SIGN_STYLE = Automatic;
				DEVELOPMENT_TEAM = EQC88F8HW8;
				INFOPLIST_FILE = TRPG2UITests/Info.plist;
				LD_RUNPATH_SEARCH_PATHS = (
					"$(inherited)",
					"@executable_path/Frameworks",
					"@loader_path/Frameworks",
				);
				PRODUCT_BUNDLE_IDENTIFIER = com.mxy.TRPG2UITests;
				PRODUCT_NAME = "$(TARGET_NAME)";
				SWIFT_VERSION = 5.0;
				TARGETED_DEVICE_FAMILY = "1,2";
				TEST_TARGET_NAME = TRPG2;
			};
			name = Debug;
		};
		22AF6A5125AB3F060035CC95 /* Release */ = {
			isa = XCBuildConfiguration;
			buildSettings = {
				ALWAYS_EMBED_SWIFT_STANDARD_LIBRARIES = YES;
				CODE_SIGN_STYLE = Automatic;
				DEVELOPMENT_TEAM = EQC88F8HW8;
				INFOPLIST_FILE = TRPG2UITests/Info.plist;
				LD_RUNPATH_SEARCH_PATHS = (
					"$(inherited)",
					"@executable_path/Frameworks",
					"@loader_path/Frameworks",
				);
				PRODUCT_BUNDLE_IDENTIFIER = com.mxy.TRPG2UITests;
				PRODUCT_NAME = "$(TARGET_NAME)";
				SWIFT_VERSION = 5.0;
				TARGETED_DEVICE_FAMILY = "1,2";
				TEST_TARGET_NAME = TRPG2;
			};
			name = Release;
		};
/* End XCBuildConfiguration section */

/* Begin XCConfigurationList section */
		22AF6A1F25AB3F050035CC95 /* Build configuration list for PBXProject "TRPG2" */ = {
			isa = XCConfigurationList;
			buildConfigurations = (
				22AF6A4725AB3F060035CC95 /* Debug */,
				22AF6A4825AB3F060035CC95 /* Release */,
			);
			defaultConfigurationIsVisible = 0;
			defaultConfigurationName = Release;
		};
		22AF6A4925AB3F060035CC95 /* Build configuration list for PBXNativeTarget "TRPG2" */ = {
			isa = XCConfigurationList;
			buildConfigurations = (
				22AF6A4A25AB3F060035CC95 /* Debug */,
				22AF6A4B25AB3F060035CC95 /* Release */,
			);
			defaultConfigurationIsVisible = 0;
			defaultConfigurationName = Release;
		};
		22AF6A4C25AB3F060035CC95 /* Build configuration list for PBXNativeTarget "TRPG2Tests" */ = {
			isa = XCConfigurationList;
			buildConfigurations = (
				22AF6A4D25AB3F060035CC95 /* Debug */,
				22AF6A4E25AB3F060035CC95 /* Release */,
			);
			defaultConfigurationIsVisible = 0;
			defaultConfigurationName = Release;
		};
		22AF6A4F25AB3F060035CC95 /* Build configuration list for PBXNativeTarget "TRPG2UITests" */ = {
			isa = XCConfigurationList;
			buildConfigurations = (
				22AF6A5025AB3F060035CC95 /* Debug */,
				22AF6A5125AB3F060035CC95 /* Release */,
			);
			defaultConfigurationIsVisible = 0;
			defaultConfigurationName = Release;
		};
/* End XCConfigurationList section */
	};
	rootObject = 22AF6A1C25AB3F050035CC95 /* Project object */;
}
